# This file was autogenerated by Stack.
# You should not edit this file by hand.
# For more information, please see the documentation at:
#   https://docs.haskellstack.org/en/stable/lock_files

packages:
- completed:
    hackage: gloss-raster-1.13.1.2@sha256:effab46454e8e18a80ed1d22d46d159c9e21c3593093e2fc3b7eb0f9bf493df0,1494
    pantry-tree:
      size: 299
      sha256: 37e37df9e99eb4f3b9ff2ed6a5a023e25cea2a2f99da83ee8ea508faefd5e151
  original:
    hackage: gloss-raster-1.13.1.2@sha256:effab46454e8e18a80ed1d22d46d159c9e21c3593093e2fc3b7eb0f9bf493df0,1494
- completed:
    hackage: repa-3.4.1.4@sha256:50a1755bfbbf7110296dc1f8d6ec08b03bd94148a97218e0403af2ddcdc51648,3323
    pantry-tree:
      size: 2965
      sha256: 3c79828091edd25dce51538e04c7b75241fcd8a91dc2d7a155590a7bbe4e937f
  original:
    hackage: repa-3.4.1.4@sha256:50a1755bfbbf7110296dc1f8d6ec08b03bd94148a97218e0403af2ddcdc51648,3323
snapshots:
- completed:
    size: 533053
    url: https://raw.githubusercontent.com/commercialhaskell/stackage-snapshots/master/lts/16/29.yaml
    sha256: eb8ccc595466edefb9a679f19aec2e283d12f4c6ea5eefded1ebe8bd157d77d1
  original: lts-16.29
